
Microsoft Visual Studio Solution File, Format Version 12.00
# Visual Studio Version 17
VisualStudioVersion = 17.2.32630.192
MinimumVisualStudioVersion = 10.0.40219.1
Project("{9A19103F-16F7-4668-BE54-9A1E7A4F7556}") = "MULTI", "MULTI\MULTI.csproj", "{F66ABF66-DB96-4829-AC58-FDB3A0F9F630}"
EndProject
Global
	GlobalSection(SolutionConfigurationPlatforms) = preSolution
		Debug|Any CPU = Debug|Any CPU
		Release|Any CPU = Release|Any CPU
	EndGlobalSection
	GlobalSection(ProjectConfigurationPlatforms) = postSolution
		{F66ABF66-DB96-4829-AC58-FDB3A0F9F630}.Debug|Any CPU.ActiveCfg = Debug|Any CPU
		{F66ABF66-DB96-4829-AC58-FDB3A0F9F630}.Debug|Any CPU.Build.0 = Debug|Any CPU
		{F66ABF66-DB96-4829-AC58-FDB3A0F9F630}.Release|Any CPU.ActiveCfg = Release|Any CPU
		{F66ABF66-DB96-4829-AC58-FDB3A0F9F630}.Release|Any CPU.Build.0 = Release|Any CPU
	EndGlobalSection
	GlobalSection(SolutionProperties) = preSolution
		HideSolutionNode = FALSE
	EndGlobalSection
	GlobalSection(ExtensibilityGlobals) = postSolution
		SolutionGuid = {04359470-9C04-4196-B33F-00FE70AB850C}
	EndGlobalSection
EndGlobal
